
Microsoft Visual Studio Solution File, Format Version 12.00
# Visual Studio Version 17
VisualStudioVersion = 17.9.34723.18
MinimumVisualStudioVersion = 10.0.40219.1
Project("{9A19103F-16F7-4668-BE54-9A1E7A4F7556}") = "Tournament.Api", "Tournament.Api\Tournament.Api.csproj", "{4E441F2A-EF50-4B56-B63F-A504C772A326}"
EndProject
Project("{9A19103F-16F7-4668-BE54-9A1E7A4F7556}") = "Tournament.Core", "Tournament.Core\Tournament.Core.csproj", "{31C38F4E-14E5-4BCF-AD83-43732FF16D4E}"
EndProject
Project("{FAE04EC0-301F-11D3-BF4B-00C04F79EFBC}") = "Tournament.Data", "Tournament.Data\Tournament.Data.csproj", "{D67CCA68-0FCF-4D23-8E2D-CFCD3F5EB8A5}"
EndProject
Global
	GlobalSection(SolutionConfigurationPlatforms) = preSolution
		Debug|Any CPU = Debug|Any CPU
		Release|Any CPU = Release|Any CPU
	EndGlobalSection
	GlobalSection(ProjectConfigurationPlatforms) = postSolution
		{4E441F2A-EF50-4B56-B63F-A504C772A326}.Debug|Any CPU.ActiveCfg = Debug|Any CPU
		{4E441F2A-EF50-4B56-B63F-A504C772A326}.Debug|Any CPU.Build.0 = Debug|Any CPU
		{4E441F2A-EF50-4B56-B63F-A504C772A326}.Release|Any CPU.ActiveCfg = Release|Any CPU
		{4E441F2A-EF50-4B56-B63F-A504C772A326}.Release|Any CPU.Build.0 = Release|Any CPU
		{31C38F4E-14E5-4BCF-AD83-43732FF16D4E}.Debug|Any CPU.ActiveCfg = Debug|Any CPU
		{31C38F4E-14E5-4BCF-AD83-43732FF16D4E}.Debug|Any CPU.Build.0 = Debug|Any CPU
		{31C38F4E-14E5-4BCF-AD83-43732FF16D4E}.Release|Any CPU.ActiveCfg = Release|Any CPU
		{31C38F4E-14E5-4BCF-AD83-43732FF16D4E}.Release|Any CPU.Build.0 = Release|Any CPU
		{D67CCA68-0FCF-4D23-8E2D-CFCD3F5EB8A5}.Debug|Any CPU.ActiveCfg = Debug|Any CPU
		{D67CCA68-0FCF-4D23-8E2D-CFCD3F5EB8A5}.Debug|Any CPU.Build.0 = Debug|Any CPU
		{D67CCA68-0FCF-4D23-8E2D-CFCD3F5EB8A5}.Release|Any CPU.ActiveCfg = Release|Any CPU
		{D67CCA68-0FCF-4D23-8E2D-CFCD3F5EB8A5}.Release|Any CPU.Build.0 = Release|Any CPU
	EndGlobalSection
	GlobalSection(SolutionProperties) = preSolution
		HideSolutionNode = FALSE
	EndGlobalSection
	GlobalSection(ExtensibilityGlobals) = postSolution
		SolutionGuid = {B42AF111-9271-439F-B73B-A57974024457}
	EndGlobalSection
EndGlobal
